
Microsoft Visual Studio Solution File, Format Version 12.00
# Visual Studio Version 16
VisualStudioVersion = 16.0.31729.503
MinimumVisualStudioVersion = 10.0.40219.1
Project("{9A19103F-16F7-4668-BE54-9A1E7A4F7556}") = "GenericListDemo", "GenericListDemo\GenericListDemo.csproj", "{E9119241-824B-4912-9654-BCB1C289CD14}"
EndProject
Project("{9A19103F-16F7-4668-BE54-9A1E7A4F7556}") = "FanSheDemo", "FanSheDemo\FanSheDemo.csproj", "{4A623553-4C9C-49CD-A703-64B86D91E14E}"
EndProject
Project("{2150E333-8FDC-42A3-9474-1A3956D46DE8}") = "1.爬虫", "1.爬虫", "{AD891831-0773-4F5D-B823-0228A467C431}"
EndProject
Project("{9A19103F-16F7-4668-BE54-9A1E7A4F7556}") = "CrawlerDemo", "CrawlerDemo\CrawlerDemo.csproj", "{6A881109-AC1A-405B-A686-EF6EF9AB3434}"
EndProject
Project("{9A19103F-16F7-4668-BE54-9A1E7A4F7556}") = "OO", "OO\OO.csproj", "{46D43160-4134-4349-8023-150FCFDDF2C8}"
EndProject
Project("{2150E333-8FDC-42A3-9474-1A3956D46DE8}") = "2.数据库(DB)", "2.数据库(DB)", "{5EB6AFA6-BDAC-4241-BEAD-2F6326C12DCB}"
EndProject
Project("{2150E333-8FDC-42A3-9474-1A3956D46DE8}") = "3.数据服务(Service)", "3.数据服务(Service)", "{89740562-FF59-4673-8413-DAF1B57D33B7}"
EndProject
Project("{9A19103F-16F7-4668-BE54-9A1E7A4F7556}") = "CrawlerService", "CrawlerService\CrawlerService.csproj", "{3E46B8CC-D3D8-41EA-BA3E-6605E96A7AF5}"
EndProject
Project("{9A19103F-16F7-4668-BE54-9A1E7A4F7556}") = "ICrawlerService", "ICrawlerService\ICrawlerService.csproj", "{5D97AEC9-B66B-42E8-82D4-1CD56ADE865D}"
EndProject
Project("{2150E333-8FDC-42A3-9474-1A3956D46DE8}") = "4.实体(Models)", "4.实体(Models)", "{9E823648-6BE5-4658-887E-B9688E59AC10}"
EndProject
Project("{9A19103F-16F7-4668-BE54-9A1E7A4F7556}") = "CrawlerModels", "CrawlerModels\CrawlerModels.csproj", "{28691C07-45D2-4365-A136-68FD0555B1AB}"
EndProject
Project("{2150E333-8FDC-42A3-9474-1A3956D46DE8}") = "5.核心层(Core)", "5.核心层(Core)", "{E0443F38-6A70-42F6-9E5A-BE5F6291B5E1}"
EndProject
Project("{9A19103F-16F7-4668-BE54-9A1E7A4F7556}") = "CrawlerCore", "CrawlerCore\CrawlerCore.csproj", "{3BA456A9-263A-4427-AEE9-2C3283735201}"
EndProject
Project("{9A19103F-16F7-4668-BE54-9A1E7A4F7556}") = "CrawlerApp", "CrawlerApp\CrawlerApp.csproj", "{29A86F3E-1B70-483F-A85F-3DE6D0978827}"
EndProject
Project("{2150E333-8FDC-42A3-9474-1A3956D46DE8}") = "6.任务(Job)", "6.任务(Job)", "{A4D61223-9CD3-41B8-8CAB-D10E9197C5DD}"
EndProject
Project("{9A19103F-16F7-4668-BE54-9A1E7A4F7556}") = "CrawlerJob", "CrawlerJob\CrawlerJob.csproj", "{22CEC4DA-126E-4BC8-816B-DEC984900929}"
EndProject
Project("{9A19103F-16F7-4668-BE54-9A1E7A4F7556}") = "DbContextAccess", "DbContextAccess\DbContextAccess.csproj", "{81637985-DFC2-4D40-86EF-DB14F64D13DE}"
EndProject
Project("{2150E333-8FDC-42A3-9474-1A3956D46DE8}") = "7.单元测试(Testing)", "7.单元测试(Testing)", "{C55674B1-0254-419E-AC56-1FD5777CED5A}"
EndProject
Project("{FAE04EC0-301F-11D3-BF4B-00C04F79EFBC}") = "CrawlerTesting", "CrawlerTesting\CrawlerTesting.csproj", "{822E0E7F-F685-42BB-AF62-944918C4A2CA}"
EndProject
Global
	GlobalSection(SolutionConfigurationPlatforms) = preSolution
		Debug|Any CPU = Debug|Any CPU
		Release|Any CPU = Release|Any CPU
	EndGlobalSection
	GlobalSection(ProjectConfigurationPlatforms) = postSolution
		{E9119241-824B-4912-9654-BCB1C289CD14}.Debug|Any CPU.ActiveCfg = Debug|Any CPU
		{E9119241-824B-4912-9654-BCB1C289CD14}.Debug|Any CPU.Build.0 = Debug|Any CPU
		{E9119241-824B-4912-9654-BCB1C289CD14}.Release|Any CPU.ActiveCfg = Release|Any CPU
		{E9119241-824B-4912-9654-BCB1C289CD14}.Release|Any CPU.Build.0 = Release|Any CPU
		{4A623553-4C9C-49CD-A703-64B86D91E14E}.Debug|Any CPU.ActiveCfg = Debug|Any CPU
		{4A623553-4C9C-49CD-A703-64B86D91E14E}.Debug|Any CPU.Build.0 = Debug|Any CPU
		{4A623553-4C9C-49CD-A703-64B86D91E14E}.Release|Any CPU.ActiveCfg = Release|Any CPU
		{4A623553-4C9C-49CD-A703-64B86D91E14E}.Release|Any CPU.Build.0 = Release|Any CPU
		{6A881109-AC1A-405B-A686-EF6EF9AB3434}.Debug|Any CPU.ActiveCfg = Debug|Any CPU
		{6A881109-AC1A-405B-A686-EF6EF9AB3434}.Debug|Any CPU.Build.0 = Debug|Any CPU
		{6A881109-AC1A-405B-A686-EF6EF9AB3434}.Release|Any CPU.ActiveCfg = Release|Any CPU
		{6A881109-AC1A-405B-A686-EF6EF9AB3434}.Release|Any CPU.Build.0 = Release|Any CPU
		{46D43160-4134-4349-8023-150FCFDDF2C8}.Debug|Any CPU.ActiveCfg = Debug|Any CPU
		{46D43160-4134-4349-8023-150FCFDDF2C8}.Debug|Any CPU.Build.0 = Debug|Any CPU
		{46D43160-4134-4349-8023-150FCFDDF2C8}.Release|Any CPU.ActiveCfg = Release|Any CPU
		{46D43160-4134-4349-8023-150FCFDDF2C8}.Release|Any CPU.Build.0 = Release|Any CPU
		{3E46B8CC-D3D8-41EA-BA3E-6605E96A7AF5}.Debug|Any CPU.ActiveCfg = Debug|Any CPU
		{3E46B8CC-D3D8-41EA-BA3E-6605E96A7AF5}.Debug|Any CPU.Build.0 = Debug|Any CPU
		{3E46B8CC-D3D8-41EA-BA3E-6605E96A7AF5}.Release|Any CPU.ActiveCfg = Release|Any CPU
		{3E46B8CC-D3D8-41EA-BA3E-6605E96A7AF5}.Release|Any CPU.Build.0 = Release|Any CPU
		{5D97AEC9-B66B-42E8-82D4-1CD56ADE865D}.Debug|Any CPU.ActiveCfg = Debug|Any CPU
		{5D97AEC9-B66B-42E8-82D4-1CD56ADE865D}.Debug|Any CPU.Build.0 = Debug|Any CPU
		{5D97AEC9-B66B-42E8-82D4-1CD56ADE865D}.Release|Any CPU.ActiveCfg = Release|Any CPU
		{5D97AEC9-B66B-42E8-82D4-1CD56ADE865D}.Release|Any CPU.Build.0 = Release|Any CPU
		{28691C07-45D2-4365-A136-68FD0555B1AB}.Debug|Any CPU.ActiveCfg = Debug|Any CPU
		{28691C07-45D2-4365-A136-68FD0555B1AB}.Debug|Any CPU.Build.0 = Debug|Any CPU
		{28691C07-45D2-4365-A136-68FD0555B1AB}.Release|Any CPU.ActiveCfg = Release|Any CPU
		{28691C07-45D2-4365-A136-68FD0555B1AB}.Release|Any CPU.Build.0 = Release|Any CPU
		{3BA456A9-263A-4427-AEE9-2C3283735201}.Debug|Any CPU.ActiveCfg = Debug|Any CPU
		{3BA456A9-263A-4427-AEE9-2C3283735201}.Debug|Any CPU.Build.0 = Debug|Any CPU
		{3BA456A9-263A-4427-AEE9-2C3283735201}.Release|Any CPU.ActiveCfg = Release|Any CPU
		{3BA456A9-263A-4427-AEE9-2C3283735201}.Release|Any CPU.Build.0 = Release|Any CPU
		{29A86F3E-1B70-483F-A85F-3DE6D0978827}.Debug|Any CPU.ActiveCfg = Debug|Any CPU
		{29A86F3E-1B70-483F-A85F-3DE6D0978827}.Debug|Any CPU.Build.0 = Debug|Any CPU
		{29A86F3E-1B70-483F-A85F-3DE6D0978827}.Release|Any CPU.ActiveCfg = Release|Any CPU
		{29A86F3E-1B70-483F-A85F-3DE6D0978827}.Release|Any CPU.Build.0 = Release|Any CPU
		{22CEC4DA-126E-4BC8-816B-DEC984900929}.Debug|Any CPU.ActiveCfg = Debug|Any CPU
		{22CEC4DA-126E-4BC8-816B-DEC984900929}.Debug|Any CPU.Build.0 = Debug|Any CPU
		{22CEC4DA-126E-4BC8-816B-DEC984900929}.Release|Any CPU.ActiveCfg = Release|Any CPU
		{22CEC4DA-126E-4BC8-816B-DEC984900929}.Release|Any CPU.Build.0 = Release|Any CPU
		{81637985-DFC2-4D40-86EF-DB14F64D13DE}.Debug|Any CPU.ActiveCfg = Debug|Any CPU
		{81637985-DFC2-4D40-86EF-DB14F64D13DE}.Debug|Any CPU.Build.0 = Debug|Any CPU
		{81637985-DFC2-4D40-86EF-DB14F64D13DE}.Release|Any CPU.ActiveCfg = Release|Any CPU
		{81637985-DFC2-4D40-86EF-DB14F64D13DE}.Release|Any CPU.Build.0 = Release|Any CPU
		{822E0E7F-F685-42BB-AF62-944918C4A2CA}.Debug|Any CPU.ActiveCfg = Debug|Any CPU
		{822E0E7F-F685-42BB-AF62-944918C4A2CA}.Debug|Any CPU.Build.0 = Debug|Any CPU
		{822E0E7F-F685-42BB-AF62-944918C4A2CA}.Release|Any CPU.ActiveCfg = Release|Any CPU
		{822E0E7F-F685-42BB-AF62-944918C4A2CA}.Release|Any CPU.Build.0 = Release|Any CPU
	EndGlobalSection
	GlobalSection(SolutionProperties) = preSolution
		HideSolutionNode = FALSE
	EndGlobalSection
	GlobalSection(NestedProjects) = preSolution
		{6A881109-AC1A-405B-A686-EF6EF9AB3434} = {AD891831-0773-4F5D-B823-0228A467C431}
		{3E46B8CC-D3D8-41EA-BA3E-6605E96A7AF5} = {89740562-FF59-4673-8413-DAF1B57D33B7}
		{5D97AEC9-B66B-42E8-82D4-1CD56ADE865D} = {89740562-FF59-4673-8413-DAF1B57D33B7}
		{28691C07-45D2-4365-A136-68FD0555B1AB} = {9E823648-6BE5-4658-887E-B9688E59AC10}
		{3BA456A9-263A-4427-AEE9-2C3283735201} = {E0443F38-6A70-42F6-9E5A-BE5F6291B5E1}
		{29A86F3E-1B70-483F-A85F-3DE6D0978827} = {AD891831-0773-4F5D-B823-0228A467C431}
		{22CEC4DA-126E-4BC8-816B-DEC984900929} = {A4D61223-9CD3-41B8-8CAB-D10E9197C5DD}
		{81637985-DFC2-4D40-86EF-DB14F64D13DE} = {5EB6AFA6-BDAC-4241-BEAD-2F6326C12DCB}
		{822E0E7F-F685-42BB-AF62-944918C4A2CA} = {C55674B1-0254-419E-AC56-1FD5777CED5A}
	EndGlobalSection
	GlobalSection(ExtensibilityGlobals) = postSolution
		SolutionGuid = {F6E73C1E-A6B8-4107-8963-70C46FCE7E0F}
	EndGlobalSection
EndGlobal
